// !$*UTF8*$!
{
	archiveVersion = 1;
	classes = {
	};
	objectVersion = 46;
	objects = {

/* Begin PBXBuildFile section */
		420079C11DCFA2A3001EC772 /* TRLoginViewController.swift in Sources */ = {isa = PBXBuildFile; fileRef = 420079C01DCFA2A3001EC772 /* TRLoginViewController.swift */; };
		420079C31DCFA2B1001EC772 /* TRLoadingViewController.swift in Sources */ = {isa = PBXBuildFile; fileRef = 420079C21DCFA2B1001EC772 /* TRLoadingViewController.swift */; };
		421E41901DCE5EF500E86A99 /* TRMenuTableViewCell.swift in Sources */ = {isa = PBXBuildFile; fileRef = 421E418F1DCE5EF500E86A99 /* TRMenuTableViewCell.swift */; };
		421E41921DCE5F0D00E86A99 /* TRMenuHeaderTableViewCell.swift in Sources */ = {isa = PBXBuildFile; fileRef = 421E41911DCE5F0D00E86A99 /* TRMenuHeaderTableViewCell.swift */; };
		421E41941DCEB94400E86A99 /* TRProfileViewController.swift in Sources */ = {isa = PBXBuildFile; fileRef = 421E41931DCEB94400E86A99 /* TRProfileViewController.swift */; };
		421E41961DCF0B0C00E86A99 /* TRTweetTableViewCell.swift in Sources */ = {isa = PBXBuildFile; fileRef = 421E41951DCF0B0C00E86A99 /* TRTweetTableViewCell.swift */; };
		421E41981DCF129E00E86A99 /* TRTwitterNetworkingClient.swift in Sources */ = {isa = PBXBuildFile; fileRef = 421E41971DCF129E00E86A99 /* TRTwitterNetworkingClient.swift */; };
		421E419A1DCF136800E86A99 /* TRUser.swift in Sources */ = {isa = PBXBuildFile; fileRef = 421E41991DCF136800E86A99 /* TRUser.swift */; };
		421E419C1DCF136F00E86A99 /* TRTweet.swift in Sources */ = {isa = PBXBuildFile; fileRef = 421E419B1DCF136F00E86A99 /* TRTweet.swift */; };
		424E072B1DD0F56400A13E09 /* TRMentionsViewController.swift in Sources */ = {isa = PBXBuildFile; fileRef = 424E072A1DD0F56400A13E09 /* TRMentionsViewController.swift */; };
		424E072D1DD0F65900A13E09 /* TRTimelineViewController.swift in Sources */ = {isa = PBXBuildFile; fileRef = 424E072C1DD0F65900A13E09 /* TRTimelineViewController.swift */; };
		424E072F1DD1125B00A13E09 /* TRProfileHeaderView.swift in Sources */ = {isa = PBXBuildFile; fileRef = 424E072E1DD1125B00A13E09 /* TRProfileHeaderView.swift */; };
		424E07311DD1126B00A13E09 /* TRProfileHeaderView.xib in Resources */ = {isa = PBXBuildFile; fileRef = 424E07301DD1126B00A13E09 /* TRProfileHeaderView.xib */; };
		42F4C3F61DCD9AF200E29471 /* AppDelegate.swift in Sources */ = {isa = PBXBuildFile; fileRef = 42F4C3F51DCD9AF200E29471 /* AppDelegate.swift */; };
		42F4C3F81DCD9AF200E29471 /* ViewController.swift in Sources */ = {isa = PBXBuildFile; fileRef = 42F4C3F71DCD9AF200E29471 /* ViewController.swift */; };
		42F4C3FB1DCD9AF200E29471 /* Main.storyboard in Resources */ = {isa = PBXBuildFile; fileRef = 42F4C3F91DCD9AF200E29471 /* Main.storyboard */; };
		42F4C3FD1DCD9AF200E29471 /* Assets.xcassets in Resources */ = {isa = PBXBuildFile; fileRef = 42F4C3FC1DCD9AF200E29471 /* Assets.xcassets */; };
		42F4C4001DCD9AF200E29471 /* LaunchScreen.storyboard in Resources */ = {isa = PBXBuildFile; fileRef = 42F4C3FE1DCD9AF200E29471 /* LaunchScreen.storyboard */; };
		42F4C40C1DCD9C5B00E29471 /* TRHamburgerViewController.swift in Sources */ = {isa = PBXBuildFile; fileRef = 42F4C40B1DCD9C5B00E29471 /* TRHamburgerViewController.swift */; };
		42F4C40E1DCD9C6500E29471 /* TRMenuViewController.swift in Sources */ = {isa = PBXBuildFile; fileRef = 42F4C40D1DCD9C6500E29471 /* TRMenuViewController.swift */; };
		60BE1F8C95B906B1473B6AC0 /* Pods_TwitterRedux.framework in Frameworks */ = {isa = PBXBuildFile; fileRef = 324C6121926F26CB74A0059C /* Pods_TwitterRedux.framework */; };
/* End PBXBuildFile section */

/* Begin PBXFileReference section */
		1DF8418AE91DF50D2A50C757 /* Pods-TwitterRedux.debug.xcconfig */ = {isa = PBXFileReference; includeInIndex = 1; lastKnownFileType = text.xcconfig; name = "Pods-TwitterRedux.debug.xcconfig"; path = "Pods/Target Support Files/Pods-TwitterRedux/Pods-TwitterRedux.debug.xcconfig"; sourceTree = "<group>"; };
		2514FBB54559EBD7063D5A9E /* Pods-TwitterRedux.release.xcconfig */ = {isa = PBXFileReference; includeInIndex = 1; lastKnownFileType = text.xcconfig; name = "Pods-TwitterRedux.release.xcconfig"; path = "Pods/Target Support Files/Pods-TwitterRedux/Pods-TwitterRedux.release.xcconfig"; sourceTree = "<group>"; };
		324C6121926F26CB74A0059C /* Pods_TwitterRedux.framework */ = {isa = PBXFileReference; explicitFileType = wrapper.framework; includeInIndex = 0; path = Pods_TwitterRedux.framework; sourceTree = BUILT_PRODUCTS_DIR; };
		420079C01DCFA2A3001EC772 /* TRLoginViewController.swift */ = {isa = PBXFileReference; fileEncoding = 4; lastKnownFileType = sourcecode.swift; path = TRLoginViewController.swift; sourceTree = "<group>"; };
		420079C21DCFA2B1001EC772 /* TRLoadingViewController.swift */ = {isa = PBXFileReference; fileEncoding = 4; lastKnownFileType = sourcecode.swift; path = TRLoadingViewController.swift; sourceTree = "<group>"; };
		420079C41DD01DD7001EC772 /* TwitterRedux.entitlements */ = {isa = PBXFileReference; lastKnownFileType = text.plist.entitlements; path = TwitterRedux.entitlements; sourceTree = "<group>"; };
		421E418F1DCE5EF500E86A99 /* TRMenuTableViewCell.swift */ = {isa = PBXFileReference; fileEncoding = 4; lastKnownFileType = sourcecode.swift; path = TRMenuTableViewCell.swift; sourceTree = "<group>"; };
		421E41911DCE5F0D00E86A99 /* TRMenuHeaderTableViewCell.swift */ = {isa = PBXFileReference; fileEncoding = 4; lastKnownFileType = sourcecode.swift; path = TRMenuHeaderTableViewCell.swift; sourceTree = "<group>"; };
		421E41931DCEB94400E86A99 /* TRProfileViewController.swift */ = {isa = PBXFileReference; fileEncoding = 4; lastKnownFileType = sourcecode.swift; path = TRProfileViewController.swift; sourceTree = "<group>"; };
		421E41951DCF0B0C00E86A99 /* TRTweetTableViewCell.swift */ = {isa = PBXFileReference; fileEncoding = 4; lastKnownFileType = sourcecode.swift; path = TRTweetTableViewCell.swift; sourceTree = "<group>"; };
		421E41971DCF129E00E86A99 /* TRTwitterNetworkingClient.swift */ = {isa = PBXFileReference; fileEncoding = 4; lastKnownFileType = sourcecode.swift; path = TRTwitterNetworkingClient.swift; sourceTree = "<group>"; };
		421E41991DCF136800E86A99 /* TRUser.swift */ = {isa = PBXFileReference; fileEncoding = 4; lastKnownFileType = sourcecode.swift; path = TRUser.swift; sourceTree = "<group>"; };
		421E419B1DCF136F00E86A99 /* TRTweet.swift */ = {isa = PBXFileReference; fileEncoding = 4; lastKnownFileType = sourcecode.swift; path = TRTweet.swift; sourceTree = "<group>"; };
		424E072A1DD0F56400A13E09 /* TRMentionsViewController.swift */ = {isa = PBXFileReference; fileEncoding = 4; lastKnownFileType = sourcecode.swift; path = TRMentionsViewController.swift; sourceTree = "<group>"; };
		424E072C1DD0F65900A13E09 /* TRTimelineViewController.swift */ = {isa = PBXFileReference; fileEncoding = 4; lastKnownFileType = sourcecode.swift; path = TRTimelineViewController.swift; sourceTree = "<group>"; };
		424E072E1DD1125B00A13E09 /* TRProfileHeaderView.swift */ = {isa = PBXFileReference; fileEncoding = 4; lastKnownFileType = sourcecode.swift; path = TRProfileHeaderView.swift; sourceTree = "<group>"; };
		424E07301DD1126B00A13E09 /* TRProfileHeaderView.xib */ = {isa = PBXFileReference; fileEncoding = 4; lastKnownFileType = file.xib; path = TRProfileHeaderView.xib; sourceTree = "<group>"; };
		42F4C3F21DCD9AF200E29471 /* TwitterRedux.app */ = {isa = PBXFileReference; explicitFileType = wrapper.application; includeInIndex = 0; path = TwitterRedux.app; sourceTree = BUILT_PRODUCTS_DIR; };
		42F4C3F51DCD9AF200E29471 /* AppDelegate.swift */ = {isa = PBXFileReference; lastKnownFileType = sourcecode.swift; path = AppDelegate.swift; sourceTree = "<group>"; };
		42F4C3F71DCD9AF200E29471 /* ViewController.swift */ = {isa = PBXFileReference; lastKnownFileType = sourcecode.swift; path = ViewController.swift; sourceTree = "<group>"; };
		42F4C3FA1DCD9AF200E29471 /* Base */ = {isa = PBXFileReference; lastKnownFileType = file.storyboard; name = Base; path = Base.lproj/Main.storyboard; sourceTree = "<group>"; };
		42F4C3FC1DCD9AF200E29471 /* Assets.xcassets */ = {isa = PBXFileReference; lastKnownFileType = folder.assetcatalog; path = Assets.xcassets; sourceTree = "<group>"; };
		42F4C3FF1DCD9AF200E29471 /* Base */ = {isa = PBXFileReference; lastKnownFileType = file.storyboard; name = Base; path = Base.lproj/LaunchScreen.storyboard; sourceTree = "<group>"; };
		42F4C4011DCD9AF200E29471 /* Info.plist */ = {isa = PBXFileReference; lastKnownFileType = text.plist.xml; path = Info.plist; sourceTree = "<group>"; };
		42F4C40B1DCD9C5B00E29471 /* TRHamburgerViewController.swift */ = {isa = PBXFileReference; fileEncoding = 4; lastKnownFileType = sourcecode.swift; path = TRHamburgerViewController.swift; sourceTree = "<group>"; };
		42F4C40D1DCD9C6500E29471 /* TRMenuViewController.swift */ = {isa = PBXFileReference; fileEncoding = 4; lastKnownFileType = sourcecode.swift; path = TRMenuViewController.swift; sourceTree = "<group>"; };
/* End PBXFileReference section */

/* Begin PBXFrameworksBuildPhase section */
		42F4C3EF1DCD9AF200E29471 /* Frameworks */ = {
			isa = PBXFrameworksBuildPhase;
			buildActionMask = 2147483647;
			files = (
				60BE1F8C95B906B1473B6AC0 /* Pods_TwitterRedux.framework in Frameworks */,
			);
			runOnlyForDeploymentPostprocessing = 0;
		};
/* End PBXFrameworksBuildPhase section */

/* Begin PBXGroup section */
		42F4C3E91DCD9AF200E29471 = {
			isa = PBXGroup;
			children = (
				42F4C3F41DCD9AF200E29471 /* TwitterRedux */,
				42F4C3F31DCD9AF200E29471 /* Products */,
				6B7719DCDF39C74C9652A135 /* Pods */,
				8B53067A777538CAC18A6706 /* Frameworks */,
			);
			sourceTree = "<group>";
		};
		42F4C3F31DCD9AF200E29471 /* Products */ = {
			isa = PBXGroup;
			children = (
				42F4C3F21DCD9AF200E29471 /* TwitterRedux.app */,
			);
			name = Products;
			sourceTree = "<group>";
		};
		42F4C3F41DCD9AF200E29471 /* TwitterRedux */ = {
			isa = PBXGroup;
			children = (
				420079C41DD01DD7001EC772 /* TwitterRedux.entitlements */,
				42F4C4091DCD9B1900E29471 /* ViewControllers */,
				42F4C4081DCD9B0B00E29471 /* Views */,
				42F4C4071DCD9AFD00E29471 /* Models */,
				42F4C3F51DCD9AF200E29471 /* AppDelegate.swift */,
				42F4C3F71DCD9AF200E29471 /* ViewController.swift */,
				42F4C3F91DCD9AF200E29471 /* Main.storyboard */,
				42F4C3FC1DCD9AF200E29471 /* Assets.xcassets */,
				42F4C3FE1DCD9AF200E29471 /* LaunchScreen.storyboard */,
				42F4C4011DCD9AF200E29471 /* Info.plist */,
			);
			path = TwitterRedux;
			sourceTree = "<group>";
		};
		42F4C4071DCD9AFD00E29471 /* Models */ = {
			isa = PBXGroup;
			children = (
				421E41971DCF129E00E86A99 /* TRTwitterNetworkingClient.swift */,
				421E41991DCF136800E86A99 /* TRUser.swift */,
				421E419B1DCF136F00E86A99 /* TRTweet.swift */,
			);
			name = Models;
			sourceTree = "<group>";
		};
		42F4C4081DCD9B0B00E29471 /* Views */ = {
			isa = PBXGroup;
			children = (
				421E418F1DCE5EF500E86A99 /* TRMenuTableViewCell.swift */,
				421E41911DCE5F0D00E86A99 /* TRMenuHeaderTableViewCell.swift */,
				421E41951DCF0B0C00E86A99 /* TRTweetTableViewCell.swift */,
				424E072E1DD1125B00A13E09 /* TRProfileHeaderView.swift */,
				424E07301DD1126B00A13E09 /* TRProfileHeaderView.xib */,
			);
			name = Views;
			sourceTree = "<group>";
		};
		42F4C4091DCD9B1900E29471 /* ViewControllers */ = {
			isa = PBXGroup;
			children = (
				421E41931DCEB94400E86A99 /* TRProfileViewController.swift */,
				420079C01DCFA2A3001EC772 /* TRLoginViewController.swift */,
				420079C21DCFA2B1001EC772 /* TRLoadingViewController.swift */,
				424E072A1DD0F56400A13E09 /* TRMentionsViewController.swift */,
				424E072C1DD0F65900A13E09 /* TRTimelineViewController.swift */,
				42F4C40A1DCD9BF800E29471 /* Hamburger Menu */,
			);
			name = ViewControllers;
			sourceTree = "<group>";
		};
		42F4C40A1DCD9BF800E29471 /* Hamburger Menu */ = {
			isa = PBXGroup;
			children = (
				42F4C40B1DCD9C5B00E29471 /* TRHamburgerViewController.swift */,
				42F4C40D1DCD9C6500E29471 /* TRMenuViewController.swift */,
			);
			name = "Hamburger Menu";
			sourceTree = "<group>";
		};
		6B7719DCDF39C74C9652A135 /* Pods */ = {
			isa = PBXGroup;
			children = (
				1DF8418AE91DF50D2A50C757 /* Pods-TwitterRedux.debug.xcconfig */,
				2514FBB54559EBD7063D5A9E /* Pods-TwitterRedux.release.xcconfig */,
			);
			name = Pods;
			sourceTree = "<group>";
		};
		8B53067A777538CAC18A6706 /* Frameworks */ = {
			isa = PBXGroup;
			children = (
				324C6121926F26CB74A0059C /* Pods_TwitterRedux.framework */,
			);
			name = Frameworks;
			sourceTree = "<group>";
		};
/* End PBXGroup section */

/* Begin PBXNativeTarget section */
		42F4C3F11DCD9AF200E29471 /* TwitterRedux */ = {
			isa = PBXNativeTarget;
			buildConfigurationList = 42F4C4041DCD9AF200E29471 /* Build configuration list for PBXNativeTarget "TwitterRedux" */;
			buildPhases = (
				ADE1E5EDA0A78FBDB28841C8 /* [CP] Check Pods Manifest.lock */,
				42F4C3EE1DCD9AF200E29471 /* Sources */,
				42F4C3EF1DCD9AF200E29471 /* Frameworks */,
				42F4C3F01DCD9AF200E29471 /* Resources */,
				2A18CA16CEEE687D89EBAF7E /* [CP] Embed Pods Frameworks */,
				2C58B13FB9F4403400420E56 /* [CP] Copy Pods Resources */,
			);
			buildRules = (
			);
			dependencies = (
			);
			name = TwitterRedux;
			productName = TwitterRedux;
			productReference = 42F4C3F21DCD9AF200E29471 /* TwitterRedux.app */;
			productType = "com.apple.product-type.application";
		};
/* End PBXNativeTarget section */

/* Begin PBXProject section */
		42F4C3EA1DCD9AF200E29471 /* Project object */ = {
			isa = PBXProject;
			attributes = {
				LastSwiftUpdateCheck = 0800;
				LastUpgradeCheck = 0800;
				ORGANIZATIONNAME = parry;
				TargetAttributes = {
					42F4C3F11DCD9AF200E29471 = {
						CreatedOnToolsVersion = 8.0;
						DevelopmentTeam = QF43K5VRQT;
						ProvisioningStyle = Automatic;
						SystemCapabilities = {
							com.apple.Keychain = {
								enabled = 1;
							};
						};
					};
				};
			};
			buildConfigurationList = 42F4C3ED1DCD9AF200E29471 /* Build configuration list for PBXProject "TwitterRedux" */;
			compatibilityVersion = "Xcode 3.2";
			developmentRegion = English;
			hasScannedForEncodings = 0;
			knownRegions = (
				en,
				Base,
			);
			mainGroup = 42F4C3E91DCD9AF200E29471;
			productRefGroup = 42F4C3F31DCD9AF200E29471 /* Products */;
			projectDirPath = "";
			projectRoot = "";
			targets = (
				42F4C3F11DCD9AF200E29471 /* TwitterRedux */,
			);
		};
/* End PBXProject section */

/* Begin PBXResourcesBuildPhase section */
		42F4C3F01DCD9AF200E29471 /* Resources */ = {
			isa = PBXResourcesBuildPhase;
			buildActionMask = 2147483647;
			files = (
				42F4C4001DCD9AF200E29471 /* LaunchScreen.storyboard in Resources */,
				42F4C3FD1DCD9AF200E29471 /* Assets.xcassets in Resources */,
				42F4C3FB1DCD9AF200E29471 /* Main.storyboard in Resources */,
				424E07311DD1126B00A13E09 /* TRProfileHeaderView.xib in Resources */,
			);
			runOnlyForDeploymentPostprocessing = 0;
		};
/* End PBXResourcesBuildPhase section */

/* Begin PBXShellScriptBuildPhase section */
		2A18CA16CEEE687D89EBAF7E /* [CP] Embed Pods Frameworks */ = {
			isa = PBXShellScriptBuildPhase;
			buildActionMask = 2147483647;
			files = (
			);
			inputPaths = (
			);
			name = "[CP] Embed Pods Frameworks";
			outputPaths = (
			);
			runOnlyForDeploymentPostprocessing = 0;
			shellPath = /bin/sh;
			shellScript = "\"${SRCROOT}/Pods/Target Support Files/Pods-TwitterRedux/Pods-TwitterRedux-frameworks.sh\"\n";
			showEnvVarsInLog = 0;
		};
		2C58B13FB9F4403400420E56 /* [CP] Copy Pods Resources */ = {
			isa = PBXShellScriptBuildPhase;
			buildActionMask = 2147483647;
			files = (
			);
			inputPaths = (
			);
			name = "[CP] Copy Pods Resources";
			outputPaths = (
			);
			runOnlyForDeploymentPostprocessing = 0;
			shellPath = /bin/sh;
			shellScript = "\"${SRCROOT}/Pods/Target Support Files/Pods-TwitterRedux/Pods-TwitterRedux-resources.sh\"\n";
			showEnvVarsInLog = 0;
		};
		ADE1E5EDA0A78FBDB28841C8 /* [CP] Check Pods Manifest.lock */ = {
			isa = PBXShellScriptBuildPhase;
			buildActionMask = 2147483647;
			files = (
			);
			inputPaths = (
			);
			name = "[CP] Check Pods Manifest.lock";
			outputPaths = (
			);
			runOnlyForDeploymentPostprocessing = 0;
			shellPath = /bin/sh;
			shellScript = "diff \"${PODS_ROOT}/../Podfile.lock\" \"${PODS_ROOT}/Manifest.lock\" > /dev/null\nif [[ $? != 0 ]] ; then\n    cat << EOM\nerror: The sandbox is not in sync with the Podfile.lock. Run 'pod install' or update your CocoaPods installation.\nEOM\n    exit 1\nfi\n";
			showEnvVarsInLog = 0;
		};
/* End PBXShellScriptBuildPhase section */

/* Begin PBXSourcesBuildPhase section */
		42F4C3EE1DCD9AF200E29471 /* Sources */ = {
			isa = PBXSourcesBuildPhase;
			buildActionMask = 2147483647;
			files = (
				42F4C3F81DCD9AF200E29471 /* ViewController.swift in Sources */,
				421E41921DCE5F0D00E86A99 /* TRMenuHeaderTableViewCell.swift in Sources */,
				421E41981DCF129E00E86A99 /* TRTwitterNetworkingClient.swift in Sources */,
				42F4C40C1DCD9C5B00E29471 /* TRHamburgerViewController.swift in Sources */,
				421E419A1DCF136800E86A99 /* TRUser.swift in Sources */,
				421E41961DCF0B0C00E86A99 /* TRTweetTableViewCell.swift in Sources */,
				421E41901DCE5EF500E86A99 /* TRMenuTableViewCell.swift in Sources */,
				424E072B1DD0F56400A13E09 /* TRMentionsViewController.swift in Sources */,
				421E419C1DCF136F00E86A99 /* TRTweet.swift in Sources */,
				420079C11DCFA2A3001EC772 /* TRLoginViewController.swift in Sources */,
				42F4C3F61DCD9AF200E29471 /* AppDelegate.swift in Sources */,
				42F4C40E1DCD9C6500E29471 /* TRMenuViewController.swift in Sources */,
				424E072D1DD0F65900A13E09 /* TRTimelineViewController.swift in Sources */,
				421E41941DCEB94400E86A99 /* TRProfileViewController.swift in Sources */,
				420079C31DCFA2B1001EC772 /* TRLoadingViewController.swift in Sources */,
				424E072F1DD1125B00A13E09 /* TRProfileHeaderView.swift in Sources */,
			);
			runOnlyForDeploymentPostprocessing = 0;
		};
/* End PBXSourcesBuildPhase section */

/* Begin PBXVariantGroup section */
		42F4C3F91DCD9AF200E29471 /* Main.storyboard */ = {
			isa = PBXVariantGroup;
			children = (
				42F4C3FA1DCD9AF200E29471 /* Base */,
			);
			name = Main.storyboard;
			sourceTree = "<group>";
		};
		42F4C3FE1DCD9AF200E29471 /* LaunchScreen.storyboard */ = {
			isa = PBXVariantGroup;
			children = (
				42F4C3FF1DCD9AF200E29471 /* Base */,
			);
			name = LaunchScreen.storyboard;
			sourceTree = "<group>";
		};
/* End PBXVariantGroup section */

/* Begin XCBuildConfiguration section */
		42F4C4021DCD9AF200E29471 /* Debug */ = {
			isa = XCBuildConfiguration;
			buildSettings = {
				ALWAYS_SEARCH_USER_PATHS = NO;
				CLANG_ANALYZER_NONNULL = YES;
				CLANG_CXX_LANGUAGE_STANDARD = "gnu++0x";
				CLANG_CXX_LIBRARY = "libc++";
				CLANG_ENABLE_MODULES = YES;
				CLANG_ENABLE_OBJC_ARC = YES;
				CLANG_WARN_BOOL_CONVERSION = YES;
				CLANG_WARN_CONSTANT_CONVERSION = YES;
				CLANG_WARN_DIRECT_OBJC_ISA_USAGE = YES_ERROR;
				CLANG_WARN_DOCUMENTATION_COMMENTS = YES;
				CLANG_WARN_EMPTY_BODY = YES;
				CLANG_WARN_ENUM_CONVERSION = YES;
				CLANG_WARN_INFINITE_RECURSION = YES;
				CLANG_WARN_INT_CONVERSION = YES;
				CLANG_WARN_OBJC_ROOT_CLASS = YES_ERROR;
				CLANG_WARN_SUSPICIOUS_MOVES = YES;
				CLANG_WARN_UNREACHABLE_CODE = YES;
				CLANG_WARN__DUPLICATE_METHOD_MATCH = YES;
				"CODE_SIGN_IDENTITY[sdk=iphoneos*]" = "iPhone Developer";
				COPY_PHASE_STRIP = NO;
				DEBUG_INFORMATION_FORMAT = dwarf;
				ENABLE_STRICT_OBJC_MSGSEND = YES;
				ENABLE_TESTABILITY = YES;
				GCC_C_LANGUAGE_STANDARD = gnu99;
				GCC_DYNAMIC_NO_PIC = NO;
				GCC_NO_COMMON_BLOCKS = YES;
				GCC_OPTIMIZATION_LEVEL = 0;
				GCC_PREPROCESSOR_DEFINITIONS = (
					"DEBUG=1",
					"$(inherited)",
				);
				GCC_WARN_64_TO_32_BIT_CONVERSION = YES;
				GCC_WARN_ABOUT_RETURN_TYPE = YES_ERROR;
				GCC_WARN_UNDECLARED_SELECTOR = YES;
				GCC_WARN_UNINITIALIZED_AUTOS = YES_AGGRESSIVE;
				GCC_WARN_UNUSED_FUNCTION = YES;
				GCC_WARN_UNUSED_VARIABLE = YES;
				IPHONEOS_DEPLOYMENT_TARGET = 10.0;
				MTL_ENABLE_DEBUG_INFO = YES;
				ONLY_ACTIVE_ARCH = YES;
				SDKROOT = iphoneos;
				SWIFT_ACTIVE_COMPILATION_CONDITIONS = DEBUG;
				SWIFT_OPTIMIZATION_LEVEL = "-Onone";
				TARGETED_DEVICE_FAMILY = "1,2";
			};
			name = Debug;
		};
		42F4C4031DCD9AF200E29471 /* Release */ = {
			isa = XCBuildConfiguration;
			buildSettings = {
				ALWAYS_SEARCH_USER_PATHS = NO;
				CLANG_ANALYZER_NONNULL = YES;
				CLANG_CXX_LANGUAGE_STANDARD = "gnu++0x";
				CLANG_CXX_LIBRARY = "libc++";
				CLANG_ENABLE_MODULES = YES;
				CLANG_ENABLE_OBJC_ARC = YES;
				CLANG_WARN_BOOL_CONVERSION = YES;
				CLANG_WARN_CONSTANT_CONVERSION = YES;
				CLANG_WARN_DIRECT_OBJC_ISA_USAGE = YES_ERROR;
				CLANG_WARN_DOCUMENTATION_COMMENTS = YES;
				CLANG_WARN_EMPTY_BODY = YES;
				CLANG_WARN_ENUM_CONVERSION = YES;
				CLANG_WARN_INFINITE_RECURSION = YES;
				CLANG_WARN_INT_CONVERSION = YES;
				CLANG_WARN_OBJC_ROOT_CLASS = YES_ERROR;
				CLANG_WARN_SUSPICIOUS_MOVES = YES;
				CLANG_WARN_UNREACHABLE_CODE = YES;
				CLANG_WARN__DUPLICATE_METHOD_MATCH = YES;
				"CODE_SIGN_IDENTITY[sdk=iphoneos*]" = "iPhone Developer";
				COPY_PHASE_STRIP = NO;
				DEBUG_INFORMATION_FORMAT = "dwarf-with-dsym";
				ENABLE_NS_ASSERTIONS = NO;
				ENABLE_STRICT_OBJC_MSGSEND = YES;
				GCC_C_LANGUAGE_STANDARD = gnu99;
				GCC_NO_COMMON_BLOCKS = YES;
				GCC_WARN_64_TO_32_BIT_CONVERSION = YES;
				GCC_WARN_ABOUT_RETURN_TYPE = YES_ERROR;
				GCC_WARN_UNDECLARED_SELECTOR = YES;
				GCC_WARN_UNINITIALIZED_AUTOS = YES_AGGRESSIVE;
				GCC_WARN_UNUSED_FUNCTION = YES;
				GCC_WARN_UNUSED_VARIABLE = YES;
				IPHONEOS_DEPLOYMENT_TARGET = 10.0;
				MTL_ENABLE_DEBUG_INFO = NO;
				SDKROOT = iphoneos;
				SWIFT_OPTIMIZATION_LEVEL = "-Owholemodule";
				TARGETED_DEVICE_FAMILY = "1,2";
				VALIDATE_PRODUCT = YES;
			};
			name = Release;
		};
		42F4C4051DCD9AF200E29471 /* Debug */ = {
			isa = XCBuildConfiguration;
			baseConfigurationReference = 1DF8418AE91DF50D2A50C757 /* Pods-TwitterRedux.debug.xcconfig */;
			buildSettings = {
				ASSETCATALOG_COMPILER_APPICON_NAME = AppIcon;
				CODE_SIGN_ENTITLEMENTS = TwitterRedux/TwitterRedux.entitlements;
				DEVELOPMENT_TEAM = QF43K5VRQT;
				INFOPLIST_FILE = TwitterRedux/Info.plist;
				LD_RUNPATH_SEARCH_PATHS = "$(inherited) @executable_path/Frameworks";
				PRODUCT_BUNDLE_IDENTIFIER = CodePath.TwitterRedux;
				PRODUCT_NAME = "$(TARGET_NAME)";
				SWIFT_VERSION = 3.0;
			};
			name = Debug;
		};
		42F4C4061DCD9AF200E29471 /* Release */ = {
			isa = XCBuildConfiguration;
			baseConfigurationReference = 2514FBB54559EBD7063D5A9E /* Pods-TwitterRedux.release.xcconfig */;
			buildSettings = {
				ASSETCATALOG_COMPILER_APPICON_NAME = AppIcon;
				CODE_SIGN_ENTITLEMENTS = TwitterRedux/TwitterRedux.entitlements;
				DEVELOPMENT_TEAM = QF43K5VRQT;
				INFOPLIST_FILE = TwitterRedux/Info.plist;
				LD_RUNPATH_SEARCH_PATHS = "$(inherited) @executable_path/Frameworks";
				PRODUCT_BUNDLE_IDENTIFIER = CodePath.TwitterRedux;
				PRODUCT_NAME = "$(TARGET_NAME)";
				SWIFT_VERSION = 3.0;
			};
			name = Release;
		};
/* End XCBuildConfiguration section */

/* Begin XCConfigurationList section */
		42F4C3ED1DCD9AF200E29471 /* Build configuration list for PBXProject "TwitterRedux" */ = {
			isa = XCConfigurationList;
			buildConfigurations = (
				42F4C4021DCD9AF200E29471 /* Debug */,
				42F4C4031DCD9AF200E29471 /* Release */,
			);
			defaultConfigurationIsVisible = 0;
			defaultConfigurationName = Release;
		};
		42F4C4041DCD9AF200E29471 /* Build configuration list for PBXNativeTarget "TwitterRedux" */ = {
			isa = XCConfigurationList;
			buildConfigurations = (
				42F4C4051DCD9AF200E29471 /* Debug */,
				42F4C4061DCD9AF200E29471 /* Release */,
			);
			defaultConfigurationIsVisible = 0;
			defaultConfigurationName = Release;
		};
/* End XCConfigurationList section */
	};
	rootObject = 42F4C3EA1DCD9AF200E29471 /* Project object */;
}
